// !$*UTF8*$!
{
	archiveVersion = 1;
	classes = {
	};
	objectVersion = 46;
	objects = {

/* Begin PBXBuildFile section */
		5695431018FD8C8F00A101F4 /* ParseManager.m in Sources */ = {isa = PBXBuildFile; fileRef = 5695430F18FD8C8F00A101F4 /* ParseManager.m */; };
		818829FB18FC87F300724B79 /* ProfileViewController.m in Sources */ = {isa = PBXBuildFile; fileRef = 818829FA18FC87F300724B79 /* ProfileViewController.m */; };
		81882A0018FC88BD00724B79 /* InterestsViewController.m in Sources */ = {isa = PBXBuildFile; fileRef = 818829FF18FC88BD00724B79 /* InterestsViewController.m */; };
		81882A0318FC8AEE00724B79 /* InterestsCollectionViewCell.m in Sources */ = {isa = PBXBuildFile; fileRef = 81882A0218FC8AEE00724B79 /* InterestsCollectionViewCell.m */; };
		81882A0818FC8DFE00724B79 /* CoreBluetooth.framework in Frameworks */ = {isa = PBXBuildFile; fileRef = 81882A0718FC8DFE00724B79 /* CoreBluetooth.framework */; };
		81882A0A18FC8E0D00724B79 /* CoreLocation.framework in Frameworks */ = {isa = PBXBuildFile; fileRef = 81882A0918FC8E0D00724B79 /* CoreLocation.framework */; };
		81882A0C18FC8E4E00724B79 /* Parse.framework in Frameworks */ = {isa = PBXBuildFile; fileRef = 81882A0B18FC8E4E00724B79 /* Parse.framework */; };
		81882A0E18FC923300724B79 /* ProfileHeaderView.xib in Resources */ = {isa = PBXBuildFile; fileRef = 81882A0D18FC923300724B79 /* ProfileHeaderView.xib */; };
		81882A1018FC96F000724B79 /* AudioToolbox.framework in Frameworks */ = {isa = PBXBuildFile; fileRef = 81882A0F18FC96F000724B79 /* AudioToolbox.framework */; };
		81882A1218FC96F800724B79 /* CFNetwork.framework in Frameworks */ = {isa = PBXBuildFile; fileRef = 81882A1118FC96F800724B79 /* CFNetwork.framework */; };
		81882A1418FC972500724B79 /* libz.dylib in Frameworks */ = {isa = PBXBuildFile; fileRef = 81882A1318FC972500724B79 /* libz.dylib */; };
		81882A1618FC972E00724B79 /* MobileCoreServices.framework in Frameworks */ = {isa = PBXBuildFile; fileRef = 81882A1518FC972E00724B79 /* MobileCoreServices.framework */; };
		81882A1818FC973700724B79 /* QuartzCore.framework in Frameworks */ = {isa = PBXBuildFile; fileRef = 81882A1718FC973700724B79 /* QuartzCore.framework */; };
		81882A1A18FC973F00724B79 /* Security.framework in Frameworks */ = {isa = PBXBuildFile; fileRef = 81882A1918FC973F00724B79 /* Security.framework */; };
		81882A1C18FC974900724B79 /* StoreKit.framework in Frameworks */ = {isa = PBXBuildFile; fileRef = 81882A1B18FC974900724B79 /* StoreKit.framework */; };
		81882A1E18FC975500724B79 /* SystemConfiguration.framework in Frameworks */ = {isa = PBXBuildFile; fileRef = 81882A1D18FC975500724B79 /* SystemConfiguration.framework */; };
		81AB5B0918FC85890060B17A /* Foundation.framework in Frameworks */ = {isa = PBXBuildFile; fileRef = 81AB5B0818FC85890060B17A /* Foundation.framework */; };
		81AB5B0B18FC85890060B17A /* CoreGraphics.framework in Frameworks */ = {isa = PBXBuildFile; fileRef = 81AB5B0A18FC85890060B17A /* CoreGraphics.framework */; };
		81AB5B0D18FC85890060B17A /* UIKit.framework in Frameworks */ = {isa = PBXBuildFile; fileRef = 81AB5B0C18FC85890060B17A /* UIKit.framework */; };
		81AB5B1318FC85890060B17A /* InfoPlist.strings in Resources */ = {isa = PBXBuildFile; fileRef = 81AB5B1118FC85890060B17A /* InfoPlist.strings */; };
		81AB5B1518FC85890060B17A /* main.m in Sources */ = {isa = PBXBuildFile; fileRef = 81AB5B1418FC85890060B17A /* main.m */; };
		81AB5B1918FC85890060B17A /* AppDelegate.m in Sources */ = {isa = PBXBuildFile; fileRef = 81AB5B1818FC85890060B17A /* AppDelegate.m */; };
		81AB5B1C18FC85890060B17A /* Main.storyboard in Resources */ = {isa = PBXBuildFile; fileRef = 81AB5B1A18FC85890060B17A /* Main.storyboard */; };
		81AB5B1F18FC85890060B17A /* HomeViewController.m in Sources */ = {isa = PBXBuildFile; fileRef = 81AB5B1E18FC85890060B17A /* HomeViewController.m */; };
		81AB5B2118FC85890060B17A /* Images.xcassets in Resources */ = {isa = PBXBuildFile; fileRef = 81AB5B2018FC85890060B17A /* Images.xcassets */; };
		81AB5B2818FC85890060B17A /* XCTest.framework in Frameworks */ = {isa = PBXBuildFile; fileRef = 81AB5B2718FC85890060B17A /* XCTest.framework */; };
		81AB5B2918FC85890060B17A /* Foundation.framework in Frameworks */ = {isa = PBXBuildFile; fileRef = 81AB5B0818FC85890060B17A /* Foundation.framework */; };
		81AB5B2A18FC858A0060B17A /* UIKit.framework in Frameworks */ = {isa = PBXBuildFile; fileRef = 81AB5B0C18FC85890060B17A /* UIKit.framework */; };
		81AB5B3218FC858A0060B17A /* InfoPlist.strings in Resources */ = {isa = PBXBuildFile; fileRef = 81AB5B3018FC858A0060B17A /* InfoPlist.strings */; };
		81AB5B3418FC858A0060B17A /* SymeetryTests.m in Sources */ = {isa = PBXBuildFile; fileRef = 81AB5B3318FC858A0060B17A /* SymeetryTests.m */; };
		81B2848A18FD9C2100A27224 /* Food_crop.jpg in Resources */ = {isa = PBXBuildFile; fileRef = 81B2848918FD9C2100A27224 /* Food_crop.jpg */; };
		81B2848C18FD9C2D00A27224 /* movies_crop.jpg in Resources */ = {isa = PBXBuildFile; fileRef = 81B2848B18FD9C2D00A27224 /* movies_crop.jpg */; };
		81B2848E18FD9C4100A27224 /* Music_crop.png in Resources */ = {isa = PBXBuildFile; fileRef = 81B2848D18FD9C4100A27224 /* Music_crop.png */; };
		CE562EC718FCCF7F00DDB3D3 /* dennis.jpg in Resources */ = {isa = PBXBuildFile; fileRef = CE562EC618FCCF7F00DDB3D3 /* dennis.jpg */; };
		CE562EC918FCD11900DDB3D3 /* charles.jpg in Resources */ = {isa = PBXBuildFile; fileRef = CE562EC818FCD11900DDB3D3 /* charles.jpg */; };
		CE562ECB18FCD13F00DDB3D3 /* steve.jpg in Resources */ = {isa = PBXBuildFile; fileRef = CE562ECA18FCD13F00DDB3D3 /* steve.jpg */; };
		CE562ECE18FCD88B00DDB3D3 /* ProfileHeaderView.m in Sources */ = {isa = PBXBuildFile; fileRef = CE562ECD18FCD88B00DDB3D3 /* ProfileHeaderView.m */; };
/* End PBXBuildFile section */

/* Begin PBXContainerItemProxy section */
		81AB5B2B18FC858A0060B17A /* PBXContainerItemProxy */ = {
			isa = PBXContainerItemProxy;
			containerPortal = 81AB5AFD18FC85890060B17A /* Project object */;
			proxyType = 1;
			remoteGlobalIDString = 81AB5B0418FC85890060B17A;
			remoteInfo = Symeetry;
		};
/* End PBXContainerItemProxy section */

/* Begin PBXFileReference section */
		5695430E18FD8C8F00A101F4 /* ParseManager.h */ = {isa = PBXFileReference; fileEncoding = 4; lastKnownFileType = sourcecode.c.h; path = ParseManager.h; sourceTree = "<group>"; };
		5695430F18FD8C8F00A101F4 /* ParseManager.m */ = {isa = PBXFileReference; fileEncoding = 4; lastKnownFileType = sourcecode.c.objc; path = ParseManager.m; sourceTree = "<group>"; };
		818829F918FC87F300724B79 /* ProfileViewController.h */ = {isa = PBXFileReference; fileEncoding = 4; lastKnownFileType = sourcecode.c.h; name = ProfileViewController.h; path = Symeetry/ProfileViewController.h; sourceTree = "<group>"; };
		818829FA18FC87F300724B79 /* ProfileViewController.m */ = {isa = PBXFileReference; fileEncoding = 4; lastKnownFileType = sourcecode.c.objc; name = ProfileViewController.m; path = Symeetry/ProfileViewController.m; sourceTree = "<group>"; };
		818829FE18FC88BD00724B79 /* InterestsViewController.h */ = {isa = PBXFileReference; fileEncoding = 4; lastKnownFileType = sourcecode.c.h; name = InterestsViewController.h; path = Symeetry/InterestsViewController.h; sourceTree = "<group>"; };
		818829FF18FC88BD00724B79 /* InterestsViewController.m */ = {isa = PBXFileReference; fileEncoding = 4; lastKnownFileType = sourcecode.c.objc; name = InterestsViewController.m; path = Symeetry/InterestsViewController.m; sourceTree = "<group>"; };
		81882A0118FC8AEE00724B79 /* InterestsCollectionViewCell.h */ = {isa = PBXFileReference; fileEncoding = 4; lastKnownFileType = sourcecode.c.h; name = InterestsCollectionViewCell.h; path = Symeetry/InterestsCollectionViewCell.h; sourceTree = "<group>"; };
		81882A0218FC8AEE00724B79 /* InterestsCollectionViewCell.m */ = {isa = PBXFileReference; fileEncoding = 4; lastKnownFileType = sourcecode.c.objc; name = InterestsCollectionViewCell.m; path = Symeetry/InterestsCollectionViewCell.m; sourceTree = "<group>"; };
		81882A0718FC8DFE00724B79 /* CoreBluetooth.framework */ = {isa = PBXFileReference; lastKnownFileType = wrapper.framework; name = CoreBluetooth.framework; path = System/Library/Frameworks/CoreBluetooth.framework; sourceTree = SDKROOT; };
		81882A0918FC8E0D00724B79 /* CoreLocation.framework */ = {isa = PBXFileReference; lastKnownFileType = wrapper.framework; name = CoreLocation.framework; path = System/Library/Frameworks/CoreLocation.framework; sourceTree = SDKROOT; };
		81882A0B18FC8E4E00724B79 /* Parse.framework */ = {isa = PBXFileReference; lastKnownFileType = wrapper.framework; path = Parse.framework; sourceTree = "<group>"; };
		81882A0D18FC923300724B79 /* ProfileHeaderView.xib */ = {isa = PBXFileReference; fileEncoding = 4; lastKnownFileType = file.xib; path = ProfileHeaderView.xib; sourceTree = "<group>"; };
		81882A0F18FC96F000724B79 /* AudioToolbox.framework */ = {isa = PBXFileReference; lastKnownFileType = wrapper.framework; name = AudioToolbox.framework; path = System/Library/Frameworks/AudioToolbox.framework; sourceTree = SDKROOT; };
		81882A1118FC96F800724B79 /* CFNetwork.framework */ = {isa = PBXFileReference; lastKnownFileType = wrapper.framework; name = CFNetwork.framework; path = System/Library/Frameworks/CFNetwork.framework; sourceTree = SDKROOT; };
		81882A1318FC972500724B79 /* libz.dylib */ = {isa = PBXFileReference; lastKnownFileType = "compiled.mach-o.dylib"; name = libz.dylib; path = usr/lib/libz.dylib; sourceTree = SDKROOT; };
		81882A1518FC972E00724B79 /* MobileCoreServices.framework */ = {isa = PBXFileReference; lastKnownFileType = wrapper.framework; name = MobileCoreServices.framework; path = System/Library/Frameworks/MobileCoreServices.framework; sourceTree = SDKROOT; };
		81882A1718FC973700724B79 /* QuartzCore.framework */ = {isa = PBXFileReference; lastKnownFileType = wrapper.framework; name = QuartzCore.framework; path = System/Library/Frameworks/QuartzCore.framework; sourceTree = SDKROOT; };
		81882A1918FC973F00724B79 /* Security.framework */ = {isa = PBXFileReference; lastKnownFileType = wrapper.framework; name = Security.framework; path = System/Library/Frameworks/Security.framework; sourceTree = SDKROOT; };
		81882A1B18FC974900724B79 /* StoreKit.framework */ = {isa = PBXFileReference; lastKnownFileType = wrapper.framework; name = StoreKit.framework; path = System/Library/Frameworks/StoreKit.framework; sourceTree = SDKROOT; };
		81882A1D18FC975500724B79 /* SystemConfiguration.framework */ = {isa = PBXFileReference; lastKnownFileType = wrapper.framework; name = SystemConfiguration.framework; path = System/Library/Frameworks/SystemConfiguration.framework; sourceTree = SDKROOT; };
		81AB5B0518FC85890060B17A /* Symeetry.app */ = {isa = PBXFileReference; explicitFileType = wrapper.application; includeInIndex = 0; path = Symeetry.app; sourceTree = BUILT_PRODUCTS_DIR; };
		81AB5B0818FC85890060B17A /* Foundation.framework */ = {isa = PBXFileReference; lastKnownFileType = wrapper.framework; name = Foundation.framework; path = System/Library/Frameworks/Foundation.framework; sourceTree = SDKROOT; };
		81AB5B0A18FC85890060B17A /* CoreGraphics.framework */ = {isa = PBXFileReference; lastKnownFileType = wrapper.framework; name = CoreGraphics.framework; path = System/Library/Frameworks/CoreGraphics.framework; sourceTree = SDKROOT; };
		81AB5B0C18FC85890060B17A /* UIKit.framework */ = {isa = PBXFileReference; lastKnownFileType = wrapper.framework; name = UIKit.framework; path = System/Library/Frameworks/UIKit.framework; sourceTree = SDKROOT; };
		81AB5B1018FC85890060B17A /* Symeetry-Info.plist */ = {isa = PBXFileReference; lastKnownFileType = text.plist.xml; path = "Symeetry-Info.plist"; sourceTree = "<group>"; };
		81AB5B1218FC85890060B17A /* en */ = {isa = PBXFileReference; lastKnownFileType = text.plist.strings; name = en; path = en.lproj/InfoPlist.strings; sourceTree = "<group>"; };
		81AB5B1418FC85890060B17A /* main.m */ = {isa = PBXFileReference; lastKnownFileType = sourcecode.c.objc; path = main.m; sourceTree = "<group>"; };
		81AB5B1618FC85890060B17A /* Symeetry-Prefix.pch */ = {isa = PBXFileReference; lastKnownFileType = sourcecode.c.h; path = "Symeetry-Prefix.pch"; sourceTree = "<group>"; };
		81AB5B1718FC85890060B17A /* AppDelegate.h */ = {isa = PBXFileReference; lastKnownFileType = sourcecode.c.h; path = AppDelegate.h; sourceTree = "<group>"; };
		81AB5B1818FC85890060B17A /* AppDelegate.m */ = {isa = PBXFileReference; lastKnownFileType = sourcecode.c.objc; path = AppDelegate.m; sourceTree = "<group>"; };
		81AB5B1B18FC85890060B17A /* Base */ = {isa = PBXFileReference; lastKnownFileType = file.storyboard; name = Base; path = Base.lproj/Main.storyboard; sourceTree = "<group>"; };
		81AB5B1D18FC85890060B17A /* HomeViewController.h */ = {isa = PBXFileReference; lastKnownFileType = sourcecode.c.h; name = HomeViewController.h; path = Symeetry/HomeViewController.h; sourceTree = "<group>"; };
		81AB5B1E18FC85890060B17A /* HomeViewController.m */ = {isa = PBXFileReference; lastKnownFileType = sourcecode.c.objc; name = HomeViewController.m; path = Symeetry/HomeViewController.m; sourceTree = "<group>"; };
		81AB5B2018FC85890060B17A /* Images.xcassets */ = {isa = PBXFileReference; lastKnownFileType = folder.assetcatalog; path = Images.xcassets; sourceTree = "<group>"; };
		81AB5B2618FC85890060B17A /* SymeetryTests.xctest */ = {isa = PBXFileReference; explicitFileType = wrapper.cfbundle; includeInIndex = 0; path = SymeetryTests.xctest; sourceTree = BUILT_PRODUCTS_DIR; };
		81AB5B2718FC85890060B17A /* XCTest.framework */ = {isa = PBXFileReference; lastKnownFileType = wrapper.framework; name = XCTest.framework; path = Library/Frameworks/XCTest.framework; sourceTree = DEVELOPER_DIR; };
		81AB5B2F18FC858A0060B17A /* SymeetryTests-Info.plist */ = {isa = PBXFileReference; lastKnownFileType = text.plist.xml; path = "SymeetryTests-Info.plist"; sourceTree = "<group>"; };
		81AB5B3118FC858A0060B17A /* en */ = {isa = PBXFileReference; lastKnownFileType = text.plist.strings; name = en; path = en.lproj/InfoPlist.strings; sourceTree = "<group>"; };
		81AB5B3318FC858A0060B17A /* SymeetryTests.m */ = {isa = PBXFileReference; lastKnownFileType = sourcecode.c.objc; path = SymeetryTests.m; sourceTree = "<group>"; };
		81B2848918FD9C2100A27224 /* Food_crop.jpg */ = {isa = PBXFileReference; lastKnownFileType = image.jpeg; name = Food_crop.jpg; path = Symeetry/Food_crop.jpg; sourceTree = "<group>"; };
		81B2848B18FD9C2D00A27224 /* movies_crop.jpg */ = {isa = PBXFileReference; lastKnownFileType = image.jpeg; name = movies_crop.jpg; path = Symeetry/movies_crop.jpg; sourceTree = "<group>"; };
		81B2848D18FD9C4100A27224 /* Music_crop.png */ = {isa = PBXFileReference; lastKnownFileType = image.png; name = Music_crop.png; path = Symeetry/Music_crop.png; sourceTree = "<group>"; };
		CE562EC618FCCF7F00DDB3D3 /* dennis.jpg */ = {isa = PBXFileReference; lastKnownFileType = image.jpeg; name = dennis.jpg; path = Symeetry/dennis.jpg; sourceTree = "<group>"; };
		CE562EC818FCD11900DDB3D3 /* charles.jpg */ = {isa = PBXFileReference; lastKnownFileType = image.jpeg; name = charles.jpg; path = Symeetry/charles.jpg; sourceTree = "<group>"; };
		CE562ECA18FCD13F00DDB3D3 /* steve.jpg */ = {isa = PBXFileReference; lastKnownFileType = image.jpeg; name = steve.jpg; path = Symeetry/steve.jpg; sourceTree = "<group>"; };
		CE562ECC18FCD88B00DDB3D3 /* ProfileHeaderView.h */ = {isa = PBXFileReference; fileEncoding = 4; lastKnownFileType = sourcecode.c.h; path = ProfileHeaderView.h; sourceTree = "<group>"; };
		CE562ECD18FCD88B00DDB3D3 /* ProfileHeaderView.m */ = {isa = PBXFileReference; fileEncoding = 4; lastKnownFileType = sourcecode.c.objc; path = ProfileHeaderView.m; sourceTree = "<group>"; };
/* End PBXFileReference section */

/* Begin PBXFrameworksBuildPhase section */
		81AB5B0218FC85890060B17A /* Frameworks */ = {
			isa = PBXFrameworksBuildPhase;
			buildActionMask = 2147483647;
			files = (
				81882A1E18FC975500724B79 /* SystemConfiguration.framework in Frameworks */,
				81882A1C18FC974900724B79 /* StoreKit.framework in Frameworks */,
				81882A1A18FC973F00724B79 /* Security.framework in Frameworks */,
				81882A1818FC973700724B79 /* QuartzCore.framework in Frameworks */,
				81882A1618FC972E00724B79 /* MobileCoreServices.framework in Frameworks */,
				81882A1418FC972500724B79 /* libz.dylib in Frameworks */,
				81882A0A18FC8E0D00724B79 /* CoreLocation.framework in Frameworks */,
				81AB5B0B18FC85890060B17A /* CoreGraphics.framework in Frameworks */,
				81882A1218FC96F800724B79 /* CFNetwork.framework in Frameworks */,
				81882A1018FC96F000724B79 /* AudioToolbox.framework in Frameworks */,
				81882A0818FC8DFE00724B79 /* CoreBluetooth.framework in Frameworks */,
				81AB5B0D18FC85890060B17A /* UIKit.framework in Frameworks */,
				81882A0C18FC8E4E00724B79 /* Parse.framework in Frameworks */,
				81AB5B0918FC85890060B17A /* Foundation.framework in Frameworks */,
			);
			runOnlyForDeploymentPostprocessing = 0;
		};
		81AB5B2318FC85890060B17A /* Frameworks */ = {
			isa = PBXFrameworksBuildPhase;
			buildActionMask = 2147483647;
			files = (
				81AB5B2818FC85890060B17A /* XCTest.framework in Frameworks */,
				81AB5B2A18FC858A0060B17A /* UIKit.framework in Frameworks */,
				81AB5B2918FC85890060B17A /* Foundation.framework in Frameworks */,
			);
			runOnlyForDeploymentPostprocessing = 0;
		};
/* End PBXFrameworksBuildPhase section */

/* Begin PBXGroup section */
		8114069018FDC964004E578F /* Images */ = {
			isa = PBXGroup;
			children = (
				81B2848D18FD9C4100A27224 /* Music_crop.png */,
				81B2848B18FD9C2D00A27224 /* movies_crop.jpg */,
				81B2848918FD9C2100A27224 /* Food_crop.jpg */,
				CE562ECA18FCD13F00DDB3D3 /* steve.jpg */,
				CE562EC818FCD11900DDB3D3 /* charles.jpg */,
				CE562EC618FCCF7F00DDB3D3 /* dennis.jpg */,
			);
			name = Images;
			sourceTree = "<group>";
		};
		818829FC18FC881100724B79 /* Classes */ = {
			isa = PBXGroup;
			children = (
				81882A0118FC8AEE00724B79 /* InterestsCollectionViewCell.h */,
				81882A0218FC8AEE00724B79 /* InterestsCollectionViewCell.m */,
			);
			name = Classes;
			sourceTree = "<group>";
		};
		818829FD18FC883000724B79 /* View Controllers */ = {
			isa = PBXGroup;
			children = (
				81AB5B1D18FC85890060B17A /* HomeViewController.h */,
				81AB5B1E18FC85890060B17A /* HomeViewController.m */,
				818829F918FC87F300724B79 /* ProfileViewController.h */,
				818829FA18FC87F300724B79 /* ProfileViewController.m */,
				818829FE18FC88BD00724B79 /* InterestsViewController.h */,
				818829FF18FC88BD00724B79 /* InterestsViewController.m */,
			);
			name = "View Controllers";
			sourceTree = "<group>";
		};
		81AB5AFC18FC85890060B17A = {
			isa = PBXGroup;
			children = (
				8114069018FDC964004E578F /* Images */,
				81AB5B0E18FC85890060B17A /* Symeetry */,
				818829FD18FC883000724B79 /* View Controllers */,
				818829FC18FC881100724B79 /* Classes */,
				81AB5B2D18FC858A0060B17A /* SymeetryTests */,
				81AB5B0718FC85890060B17A /* Frameworks */,
				81AB5B0618FC85890060B17A /* Products */,
			);
			sourceTree = "<group>";
		};
		81AB5B0618FC85890060B17A /* Products */ = {
			isa = PBXGroup;
			children = (
				81AB5B0518FC85890060B17A /* Symeetry.app */,
				81AB5B2618FC85890060B17A /* SymeetryTests.xctest */,
			);
			name = Products;
			sourceTree = "<group>";
		};
		81AB5B0718FC85890060B17A /* Frameworks */ = {
			isa = PBXGroup;
			children = (
				81882A1D18FC975500724B79 /* SystemConfiguration.framework */,
				81882A1B18FC974900724B79 /* StoreKit.framework */,
				81882A1918FC973F00724B79 /* Security.framework */,
				81882A1718FC973700724B79 /* QuartzCore.framework */,
				81882A1518FC972E00724B79 /* MobileCoreServices.framework */,
				81882A1318FC972500724B79 /* libz.dylib */,
				81882A1118FC96F800724B79 /* CFNetwork.framework */,
				81882A0F18FC96F000724B79 /* AudioToolbox.framework */,
				81882A0B18FC8E4E00724B79 /* Parse.framework */,
				81882A0918FC8E0D00724B79 /* CoreLocation.framework */,
				81882A0718FC8DFE00724B79 /* CoreBluetooth.framework */,
				81AB5B0818FC85890060B17A /* Foundation.framework */,
				81AB5B0A18FC85890060B17A /* CoreGraphics.framework */,
				81AB5B0C18FC85890060B17A /* UIKit.framework */,
				81AB5B2718FC85890060B17A /* XCTest.framework */,
			);
			name = Frameworks;
			sourceTree = "<group>";
		};
		81AB5B0E18FC85890060B17A /* Symeetry */ = {
			isa = PBXGroup;
			children = (
				81AB5B1718FC85890060B17A /* AppDelegate.h */,
				81AB5B1818FC85890060B17A /* AppDelegate.m */,
				81AB5B1A18FC85890060B17A /* Main.storyboard */,
				5695430E18FD8C8F00A101F4 /* ParseManager.h */,
				5695430F18FD8C8F00A101F4 /* ParseManager.m */,
				81882A0D18FC923300724B79 /* ProfileHeaderView.xib */,
				CE562ECC18FCD88B00DDB3D3 /* ProfileHeaderView.h */,
				CE562ECD18FCD88B00DDB3D3 /* ProfileHeaderView.m */,
				81AB5B2018FC85890060B17A /* Images.xcassets */,
				81AB5B0F18FC85890060B17A /* Supporting Files */,
			);
			path = Symeetry;
			sourceTree = "<group>";
		};
		81AB5B0F18FC85890060B17A /* Supporting Files */ = {
			isa = PBXGroup;
			children = (
				81AB5B1018FC85890060B17A /* Symeetry-Info.plist */,
				81AB5B1118FC85890060B17A /* InfoPlist.strings */,
				81AB5B1418FC85890060B17A /* main.m */,
				81AB5B1618FC85890060B17A /* Symeetry-Prefix.pch */,
			);
			name = "Supporting Files";
			sourceTree = "<group>";
		};
		81AB5B2D18FC858A0060B17A /* SymeetryTests */ = {
			isa = PBXGroup;
			children = (
				81AB5B3318FC858A0060B17A /* SymeetryTests.m */,
				81AB5B2E18FC858A0060B17A /* Supporting Files */,
			);
			path = SymeetryTests;
			sourceTree = "<group>";
		};
		81AB5B2E18FC858A0060B17A /* Supporting Files */ = {
			isa = PBXGroup;
			children = (
				81AB5B2F18FC858A0060B17A /* SymeetryTests-Info.plist */,
				81AB5B3018FC858A0060B17A /* InfoPlist.strings */,
			);
			name = "Supporting Files";
			sourceTree = "<group>";
		};
/* End PBXGroup section */

/* Begin PBXNativeTarget section */
		81AB5B0418FC85890060B17A /* Symeetry */ = {
			isa = PBXNativeTarget;
			buildConfigurationList = 81AB5B3718FC858A0060B17A /* Build configuration list for PBXNativeTarget "Symeetry" */;
			buildPhases = (
				81AB5B0118FC85890060B17A /* Sources */,
				81AB5B0218FC85890060B17A /* Frameworks */,
				81AB5B0318FC85890060B17A /* Resources */,
			);
			buildRules = (
			);
			dependencies = (
			);
			name = Symeetry;
			productName = Symeetry;
			productReference = 81AB5B0518FC85890060B17A /* Symeetry.app */;
			productType = "com.apple.product-type.application";
		};
		81AB5B2518FC85890060B17A /* SymeetryTests */ = {
			isa = PBXNativeTarget;
			buildConfigurationList = 81AB5B3A18FC858A0060B17A /* Build configuration list for PBXNativeTarget "SymeetryTests" */;
			buildPhases = (
				81AB5B2218FC85890060B17A /* Sources */,
				81AB5B2318FC85890060B17A /* Frameworks */,
				81AB5B2418FC85890060B17A /* Resources */,
			);
			buildRules = (
			);
			dependencies = (
				81AB5B2C18FC858A0060B17A /* PBXTargetDependency */,
			);
			name = SymeetryTests;
			productName = SymeetryTests;
			productReference = 81AB5B2618FC85890060B17A /* SymeetryTests.xctest */;
			productType = "com.apple.product-type.bundle.unit-test";
		};
/* End PBXNativeTarget section */

/* Begin PBXProject section */
		81AB5AFD18FC85890060B17A /* Project object */ = {
			isa = PBXProject;
			attributes = {
				LastUpgradeCheck = 0510;
				ORGANIZATIONNAME = "Steve Toosevich";
				TargetAttributes = {
					81AB5B2518FC85890060B17A = {
						TestTargetID = 81AB5B0418FC85890060B17A;
					};
				};
			};
			buildConfigurationList = 81AB5B0018FC85890060B17A /* Build configuration list for PBXProject "Symeetry" */;
			compatibilityVersion = "Xcode 3.2";
			developmentRegion = English;
			hasScannedForEncodings = 0;
			knownRegions = (
				en,
				Base,
			);
			mainGroup = 81AB5AFC18FC85890060B17A;
			productRefGroup = 81AB5B0618FC85890060B17A /* Products */;
			projectDirPath = "";
			projectRoot = "";
			targets = (
				81AB5B0418FC85890060B17A /* Symeetry */,
				81AB5B2518FC85890060B17A /* SymeetryTests */,
			);
		};
/* End PBXProject section */

/* Begin PBXResourcesBuildPhase section */
		81AB5B0318FC85890060B17A /* Resources */ = {
			isa = PBXResourcesBuildPhase;
			buildActionMask = 2147483647;
			files = (
				CE562EC718FCCF7F00DDB3D3 /* dennis.jpg in Resources */,
				81AB5B2118FC85890060B17A /* Images.xcassets in Resources */,
				CE562EC918FCD11900DDB3D3 /* charles.jpg in Resources */,
				81AB5B1318FC85890060B17A /* InfoPlist.strings in Resources */,
				81AB5B1C18FC85890060B17A /* Main.storyboard in Resources */,
				81B2848E18FD9C4100A27224 /* Music_crop.png in Resources */,
				81B2848C18FD9C2D00A27224 /* movies_crop.jpg in Resources */,
				CE562ECB18FCD13F00DDB3D3 /* steve.jpg in Resources */,
				81882A0E18FC923300724B79 /* ProfileHeaderView.xib in Resources */,
				81B2848A18FD9C2100A27224 /* Food_crop.jpg in Resources */,
			);
			runOnlyForDeploymentPostprocessing = 0;
		};
		81AB5B2418FC85890060B17A /* Resources */ = {
			isa = PBXResourcesBuildPhase;
			buildActionMask = 2147483647;
			files = (
				81AB5B3218FC858A0060B17A /* InfoPlist.strings in Resources */,
			);
			runOnlyForDeploymentPostprocessing = 0;
		};
/* End PBXResourcesBuildPhase section */

/* Begin PBXSourcesBuildPhase section */
		81AB5B0118FC85890060B17A /* Sources */ = {
			isa = PBXSourcesBuildPhase;
			buildActionMask = 2147483647;
			files = (
				81AB5B1F18FC85890060B17A /* HomeViewController.m in Sources */,
				81AB5B1918FC85890060B17A /* AppDelegate.m in Sources */,
				CE562ECE18FCD88B00DDB3D3 /* ProfileHeaderView.m in Sources */,
				818829FB18FC87F300724B79 /* ProfileViewController.m in Sources */,
				81AB5B1518FC85890060B17A /* main.m in Sources */,
				81882A0318FC8AEE00724B79 /* InterestsCollectionViewCell.m in Sources */,
				81882A0018FC88BD00724B79 /* InterestsViewController.m in Sources */,
				5695431018FD8C8F00A101F4 /* ParseManager.m in Sources */,
			);
			runOnlyForDeploymentPostprocessing = 0;
		};
		81AB5B2218FC85890060B17A /* Sources */ = {
			isa = PBXSourcesBuildPhase;
			buildActionMask = 2147483647;
			files = (
				81AB5B3418FC858A0060B17A /* SymeetryTests.m in Sources */,
			);
			runOnlyForDeploymentPostprocessing = 0;
		};
/* End PBXSourcesBuildPhase section */

/* Begin PBXTargetDependency section */
		81AB5B2C18FC858A0060B17A /* PBXTargetDependency */ = {
			isa = PBXTargetDependency;
			target = 81AB5B0418FC85890060B17A /* Symeetry */;
			targetProxy = 81AB5B2B18FC858A0060B17A /* PBXContainerItemProxy */;
		};
/* End PBXTargetDependency section */

/* Begin PBXVariantGroup section */
		81AB5B1118FC85890060B17A /* InfoPlist.strings */ = {
			isa = PBXVariantGroup;
			children = (
				81AB5B1218FC85890060B17A /* en */,
			);
			name = InfoPlist.strings;
			sourceTree = "<group>";
		};
		81AB5B1A18FC85890060B17A /* Main.storyboard */ = {
			isa = PBXVariantGroup;
			children = (
				81AB5B1B18FC85890060B17A /* Base */,
			);
			name = Main.storyboard;
			sourceTree = "<group>";
		};
		81AB5B3018FC858A0060B17A /* InfoPlist.strings */ = {
			isa = PBXVariantGroup;
			children = (
				81AB5B3118FC858A0060B17A /* en */,
			);
			name = InfoPlist.strings;
			sourceTree = "<group>";
		};
/* End PBXVariantGroup section */

/* Begin XCBuildConfiguration section */
		81AB5B3518FC858A0060B17A /* Debug */ = {
			isa = XCBuildConfiguration;
			buildSettings = {
				ALWAYS_SEARCH_USER_PATHS = NO;
				CLANG_CXX_LANGUAGE_STANDARD = "gnu++0x";
				CLANG_CXX_LIBRARY = "libc++";
				CLANG_ENABLE_MODULES = YES;
				CLANG_ENABLE_OBJC_ARC = YES;
				CLANG_WARN_BOOL_CONVERSION = YES;
				CLANG_WARN_CONSTANT_CONVERSION = YES;
				CLANG_WARN_DIRECT_OBJC_ISA_USAGE = YES_ERROR;
				CLANG_WARN_EMPTY_BODY = YES;
				CLANG_WARN_ENUM_CONVERSION = YES;
				CLANG_WARN_INT_CONVERSION = YES;
				CLANG_WARN_OBJC_ROOT_CLASS = YES_ERROR;
				CLANG_WARN__DUPLICATE_METHOD_MATCH = YES;
				"CODE_SIGN_IDENTITY[sdk=iphoneos*]" = "iPhone Developer";
				COPY_PHASE_STRIP = NO;
				GCC_C_LANGUAGE_STANDARD = gnu99;
				GCC_DYNAMIC_NO_PIC = NO;
				GCC_OPTIMIZATION_LEVEL = 0;
				GCC_PREPROCESSOR_DEFINITIONS = (
					"DEBUG=1",
					"$(inherited)",
				);
				GCC_SYMBOLS_PRIVATE_EXTERN = NO;
				GCC_WARN_64_TO_32_BIT_CONVERSION = YES;
				GCC_WARN_ABOUT_RETURN_TYPE = YES_ERROR;
				GCC_WARN_UNDECLARED_SELECTOR = YES;
				GCC_WARN_UNINITIALIZED_AUTOS = YES_AGGRESSIVE;
				GCC_WARN_UNUSED_FUNCTION = YES;
				GCC_WARN_UNUSED_VARIABLE = YES;
				IPHONEOS_DEPLOYMENT_TARGET = 7.1;
				ONLY_ACTIVE_ARCH = YES;
				SDKROOT = iphoneos;
			};
			name = Debug;
		};
		81AB5B3618FC858A0060B17A /* Release */ = {
			isa = XCBuildConfiguration;
			buildSettings = {
				ALWAYS_SEARCH_USER_PATHS = NO;
				CLANG_CXX_LANGUAGE_STANDARD = "gnu++0x";
				CLANG_CXX_LIBRARY = "libc++";
				CLANG_ENABLE_MODULES = YES;
				CLANG_ENABLE_OBJC_ARC = YES;
				CLANG_WARN_BOOL_CONVERSION = YES;
				CLANG_WARN_CONSTANT_CONVERSION = YES;
				CLANG_WARN_DIRECT_OBJC_ISA_USAGE = YES_ERROR;
				CLANG_WARN_EMPTY_BODY = YES;
				CLANG_WARN_ENUM_CONVERSION = YES;
				CLANG_WARN_INT_CONVERSION = YES;
				CLANG_WARN_OBJC_ROOT_CLASS = YES_ERROR;
				CLANG_WARN__DUPLICATE_METHOD_MATCH = YES;
				"CODE_SIGN_IDENTITY[sdk=iphoneos*]" = "iPhone Developer";
				COPY_PHASE_STRIP = YES;
				ENABLE_NS_ASSERTIONS = NO;
				GCC_C_LANGUAGE_STANDARD = gnu99;
				GCC_WARN_64_TO_32_BIT_CONVERSION = YES;
				GCC_WARN_ABOUT_RETURN_TYPE = YES_ERROR;
				GCC_WARN_UNDECLARED_SELECTOR = YES;
				GCC_WARN_UNINITIALIZED_AUTOS = YES_AGGRESSIVE;
				GCC_WARN_UNUSED_FUNCTION = YES;
				GCC_WARN_UNUSED_VARIABLE = YES;
				IPHONEOS_DEPLOYMENT_TARGET = 7.1;
				SDKROOT = iphoneos;
				VALIDATE_PRODUCT = YES;
			};
			name = Release;
		};
		81AB5B3818FC858A0060B17A /* Debug */ = {
			isa = XCBuildConfiguration;
			buildSettings = {
				ASSETCATALOG_COMPILER_APPICON_NAME = AppIcon;
				ASSETCATALOG_COMPILER_LAUNCHIMAGE_NAME = LaunchImage;
				FRAMEWORK_SEARCH_PATHS = (
					"$(inherited)",
					"$(PROJECT_DIR)",
				);
				GCC_PRECOMPILE_PREFIX_HEADER = YES;
				GCC_PREFIX_HEADER = "Symeetry/Symeetry-Prefix.pch";
				INFOPLIST_FILE = "Symeetry/Symeetry-Info.plist";
				PRODUCT_NAME = "$(TARGET_NAME)";
				WRAPPER_EXTENSION = app;
			};
			name = Debug;
		};
		81AB5B3918FC858A0060B17A /* Release */ = {
			isa = XCBuildConfiguration;
			buildSettings = {
				ASSETCATALOG_COMPILER_APPICON_NAME = AppIcon;
				ASSETCATALOG_COMPILER_LAUNCHIMAGE_NAME = LaunchImage;
				FRAMEWORK_SEARCH_PATHS = (
					"$(inherited)",
					"$(PROJECT_DIR)",
				);
				GCC_PRECOMPILE_PREFIX_HEADER = YES;
				GCC_PREFIX_HEADER = "Symeetry/Symeetry-Prefix.pch";
				INFOPLIST_FILE = "Symeetry/Symeetry-Info.plist";
				PRODUCT_NAME = "$(TARGET_NAME)";
				WRAPPER_EXTENSION = app;
			};
			name = Release;
		};
		81AB5B3B18FC858A0060B17A /* Debug */ = {
			isa = XCBuildConfiguration;
			buildSettings = {
				BUNDLE_LOADER = "$(BUILT_PRODUCTS_DIR)/Symeetry.app/Symeetry";
				FRAMEWORK_SEARCH_PATHS = (
					"$(SDKROOT)/Developer/Library/Frameworks",
					"$(inherited)",
					"$(DEVELOPER_FRAMEWORKS_DIR)",
				);
				GCC_PRECOMPILE_PREFIX_HEADER = YES;
				GCC_PREFIX_HEADER = "Symeetry/Symeetry-Prefix.pch";
				GCC_PREPROCESSOR_DEFINITIONS = (
					"DEBUG=1",
					"$(inherited)",
				);
				INFOPLIST_FILE = "SymeetryTests/SymeetryTests-Info.plist";
				PRODUCT_NAME = "$(TARGET_NAME)";
				TEST_HOST = "$(BUNDLE_LOADER)";
				WRAPPER_EXTENSION = xctest;
			};
			name = Debug;
		};
		81AB5B3C18FC858A0060B17A /* Release */ = {
			isa = XCBuildConfiguration;
			buildSettings = {
				BUNDLE_LOADER = "$(BUILT_PRODUCTS_DIR)/Symeetry.app/Symeetry";
				FRAMEWORK_SEARCH_PATHS = (
					"$(SDKROOT)/Developer/Library/Frameworks",
					"$(inherited)",
					"$(DEVELOPER_FRAMEWORKS_DIR)",
				);
				GCC_PRECOMPILE_PREFIX_HEADER = YES;
				GCC_PREFIX_HEADER = "Symeetry/Symeetry-Prefix.pch";
				INFOPLIST_FILE = "SymeetryTests/SymeetryTests-Info.plist";
				PRODUCT_NAME = "$(TARGET_NAME)";
				TEST_HOST = "$(BUNDLE_LOADER)";
				WRAPPER_EXTENSION = xctest;
			};
			name = Release;
		};
/* End XCBuildConfiguration section */

/* Begin XCConfigurationList section */
		81AB5B0018FC85890060B17A /* Build configuration list for PBXProject "Symeetry" */ = {
			isa = XCConfigurationList;
			buildConfigurations = (
				81AB5B3518FC858A0060B17A /* Debug */,
				81AB5B3618FC858A0060B17A /* Release */,
			);
			defaultConfigurationIsVisible = 0;
			defaultConfigurationName = Release;
		};
		81AB5B3718FC858A0060B17A /* Build configuration list for PBXNativeTarget "Symeetry" */ = {
			isa = XCConfigurationList;
			buildConfigurations = (
				81AB5B3818FC858A0060B17A /* Debug */,
				81AB5B3918FC858A0060B17A /* Release */,
			);
			defaultConfigurationIsVisible = 0;
			defaultConfigurationName = Release;
		};
		81AB5B3A18FC858A0060B17A /* Build configuration list for PBXNativeTarget "SymeetryTests" */ = {
			isa = XCConfigurationList;
			buildConfigurations = (
				81AB5B3B18FC858A0060B17A /* Debug */,
				81AB5B3C18FC858A0060B17A /* Release */,
			);
			defaultConfigurationIsVisible = 0;
			defaultConfigurationName = Release;
		};
/* End XCConfigurationList section */
	};
	rootObject = 81AB5AFD18FC85890060B17A /* Project object */;
}
